
Microsoft Visual Studio Solution File, Format Version 12.00
# Visual Studio 15
VisualStudioVersion = 15.0.28307.757
MinimumVisualStudioVersion = 10.0.40219.1
Project("{FAE04EC0-301F-11D3-BF4B-00C04F79EFBC}") = "Laba7OOP", "Laba7OOP\Laba7OOP.csproj", "{447386EC-3121-4190-A499-0E020E9862B2}"
EndProject
Project("{FAE04EC0-301F-11D3-BF4B-00C04F79EFBC}") = "Laba7OOPTest", "Laba7OOPTest\Laba7OOPTest.csproj", "{A47CB5A8-B218-4385-A190-C16EF9AC4D91}"
EndProject
Global
	GlobalSection(SolutionConfigurationPlatforms) = preSolution
		Debug|Any CPU = Debug|Any CPU
		Release|Any CPU = Release|Any CPU
	EndGlobalSection
	GlobalSection(ProjectConfigurationPlatforms) = postSolution
		{447386EC-3121-4190-A499-0E020E9862B2}.Debug|Any CPU.ActiveCfg = Debug|Any CPU
		{447386EC-3121-4190-A499-0E020E9862B2}.Debug|Any CPU.Build.0 = Debug|Any CPU
		{447386EC-3121-4190-A499-0E020E9862B2}.Release|Any CPU.ActiveCfg = Release|Any CPU
		{447386EC-3121-4190-A499-0E020E9862B2}.Release|Any CPU.Build.0 = Release|Any CPU
		{A47CB5A8-B218-4385-A190-C16EF9AC4D91}.Debug|Any CPU.ActiveCfg = Debug|Any CPU
		{A47CB5A8-B218-4385-A190-C16EF9AC4D91}.Debug|Any CPU.Build.0 = Debug|Any CPU
		{A47CB5A8-B218-4385-A190-C16EF9AC4D91}.Release|Any CPU.ActiveCfg = Release|Any CPU
		{A47CB5A8-B218-4385-A190-C16EF9AC4D91}.Release|Any CPU.Build.0 = Release|Any CPU
	EndGlobalSection
	GlobalSection(SolutionProperties) = preSolution
		HideSolutionNode = FALSE
	EndGlobalSection
	GlobalSection(ExtensibilityGlobals) = postSolution
		SolutionGuid = {34AA6B8E-070C-4A97-98BA-F184CA103AAC}
	EndGlobalSection
EndGlobal
